{
    "version": 3,
    "terraform_version": "0.11.13",
    "serial": 4,
    "lineage": "7207a7fa-84fe-a780-f7d3-f1e39eb612a2",
    "modules": [
        {
            "path": [
                "root"
            ],
            "outputs": {},
            "resources": {
                "google_compute_network.vpc": {
                    "type": "google_compute_network",
                    "depends_on": [],
                    "primary": {
                        "id": "test-vpc",
                        "attributes": {
                            "auto_create_subnetworks": "false",
                            "delete_default_routes_on_create": "false",
                            "description": "",
                            "gateway_ipv4": "",
                            "id": "test-vpc",
                            "ipv4_range": "",
                            "name": "test-vpc",
                            "project": "sil-rnd-231113",
                            "routing_mode": "REGIONAL",
                            "self_link": "https://www.googleapis.com/compute/v1/projects/sil-rnd-231113/global/networks/test-vpc"
                        },
                        "meta": {
                            "e2bfb730-ecaa-11e6-8f88-34363bc7c4c0": {
                                "create": 240000000000,
                                "delete": 240000000000,
                                "update": 240000000000
                            }
                        },
                        "tainted": false
                    },
                    "deposed": [],
                    "provider": "provider.google"
                }
            },
            "depends_on": []
        }
    ]
}
